// !$*UTF8*$!
{
	archiveVersion = 1;
	classes = {
	};
	objectVersion = 55;
	objects = {

/* Begin PBXBuildFile section */
		250D33612945C551003075DB /* AppDelegate.swift in Sources */ = {isa = PBXBuildFile; fileRef = 250D33602945C551003075DB /* AppDelegate.swift */; };
		250D33632945C551003075DB /* SceneDelegate.swift in Sources */ = {isa = PBXBuildFile; fileRef = 250D33622945C551003075DB /* SceneDelegate.swift */; };
		250D33682945C551003075DB /* Main.storyboard in Resources */ = {isa = PBXBuildFile; fileRef = 250D33662945C551003075DB /* Main.storyboard */; };
		250D336A2945C552003075DB /* Assets.xcassets in Resources */ = {isa = PBXBuildFile; fileRef = 250D33692945C552003075DB /* Assets.xcassets */; };
		250D336D2945C552003075DB /* LaunchScreen.storyboard in Resources */ = {isa = PBXBuildFile; fileRef = 250D336B2945C552003075DB /* LaunchScreen.storyboard */; };
		250D33762945CA24003075DB /* WeatherListTableViewController.swift in Sources */ = {isa = PBXBuildFile; fileRef = 250D33752945CA24003075DB /* WeatherListTableViewController.swift */; };
		250D33782945CAE4003075DB /* AddWeatherCityViewController.swift in Sources */ = {isa = PBXBuildFile; fileRef = 250D33772945CAE4003075DB /* AddWeatherCityViewController.swift */; };
		250D337B29463143003075DB /* WeatherCell.swift in Sources */ = {isa = PBXBuildFile; fileRef = 250D337A29463143003075DB /* WeatherCell.swift */; };
		25D9EDF62948C34900872940 /* Webservice.swift in Sources */ = {isa = PBXBuildFile; fileRef = 25D9EDF52948C34900872940 /* Webservice.swift */; };
		25D9EDF92950BF0400872940 /* WeatherResponse .swift in Sources */ = {isa = PBXBuildFile; fileRef = 25D9EDF82950BF0300872940 /* WeatherResponse .swift */; };
		25D9EDFC2950C38900872940 /* AddWeatherViewModel.swift in Sources */ = {isa = PBXBuildFile; fileRef = 25D9EDFB2950C38900872940 /* AddWeatherViewModel.swift */; };
		25D9EDFF2950C41000872940 /* Constants.swift in Sources */ = {isa = PBXBuildFile; fileRef = 25D9EDFE2950C41000872940 /* Constants.swift */; };
		25D9EE022950C59300872940 /* String+Extensions.swift in Sources */ = {isa = PBXBuildFile; fileRef = 25D9EE012950C59300872940 /* String+Extensions.swift */; };
		25D9EE0429589D4900872940 /* WeatherListViewModel.swift in Sources */ = {isa = PBXBuildFile; fileRef = 25D9EE0329589D4900872940 /* WeatherListViewModel.swift */; };
		25DA657129827E9600CF1233 /* Double+Extensions.swift in Sources */ = {isa = PBXBuildFile; fileRef = 25DA657029827E9600CF1233 /* Double+Extensions.swift */; };
		25DA65732982948300CF1233 /* SettingsTableViewController.swift in Sources */ = {isa = PBXBuildFile; fileRef = 25DA65722982948300CF1233 /* SettingsTableViewController.swift */; };
		25DA657529829A5300CF1233 /* SettingsViewModel.swift in Sources */ = {isa = PBXBuildFile; fileRef = 25DA657429829A5300CF1233 /* SettingsViewModel.swift */; };
/* End PBXBuildFile section */

/* Begin PBXFileReference section */
		250D335D2945C551003075DB /* GoodWeather.app */ = {isa = PBXFileReference; explicitFileType = wrapper.application; includeInIndex = 0; path = GoodWeather.app; sourceTree = BUILT_PRODUCTS_DIR; };
		250D33602945C551003075DB /* AppDelegate.swift */ = {isa = PBXFileReference; lastKnownFileType = sourcecode.swift; path = AppDelegate.swift; sourceTree = "<group>"; };
		250D33622945C551003075DB /* SceneDelegate.swift */ = {isa = PBXFileReference; lastKnownFileType = sourcecode.swift; path = SceneDelegate.swift; sourceTree = "<group>"; };
		250D33672945C551003075DB /* Base */ = {isa = PBXFileReference; lastKnownFileType = file.storyboard; name = Base; path = Base.lproj/Main.storyboard; sourceTree = "<group>"; };
		250D33692945C552003075DB /* Assets.xcassets */ = {isa = PBXFileReference; lastKnownFileType = folder.assetcatalog; path = Assets.xcassets; sourceTree = "<group>"; };
		250D336C2945C552003075DB /* Base */ = {isa = PBXFileReference; lastKnownFileType = file.storyboard; name = Base; path = Base.lproj/LaunchScreen.storyboard; sourceTree = "<group>"; };
		250D336E2945C552003075DB /* Info.plist */ = {isa = PBXFileReference; lastKnownFileType = text.plist.xml; path = Info.plist; sourceTree = "<group>"; };
		250D33752945CA24003075DB /* WeatherListTableViewController.swift */ = {isa = PBXFileReference; lastKnownFileType = sourcecode.swift; path = WeatherListTableViewController.swift; sourceTree = "<group>"; };
		250D33772945CAE4003075DB /* AddWeatherCityViewController.swift */ = {isa = PBXFileReference; lastKnownFileType = sourcecode.swift; path = AddWeatherCityViewController.swift; sourceTree = "<group>"; };
		250D337A29463143003075DB /* WeatherCell.swift */ = {isa = PBXFileReference; lastKnownFileType = sourcecode.swift; path = WeatherCell.swift; sourceTree = "<group>"; };
		25D9EDF52948C34900872940 /* Webservice.swift */ = {isa = PBXFileReference; lastKnownFileType = sourcecode.swift; path = Webservice.swift; sourceTree = "<group>"; };
		25D9EDF82950BF0300872940 /* WeatherResponse .swift */ = {isa = PBXFileReference; lastKnownFileType = sourcecode.swift; path = "WeatherResponse .swift"; sourceTree = "<group>"; };
		25D9EDFB2950C38900872940 /* AddWeatherViewModel.swift */ = {isa = PBXFileReference; lastKnownFileType = sourcecode.swift; path = AddWeatherViewModel.swift; sourceTree = "<group>"; };
		25D9EDFE2950C41000872940 /* Constants.swift */ = {isa = PBXFileReference; lastKnownFileType = sourcecode.swift; path = Constants.swift; sourceTree = "<group>"; };
		25D9EE012950C59300872940 /* String+Extensions.swift */ = {isa = PBXFileReference; lastKnownFileType = sourcecode.swift; path = "String+Extensions.swift"; sourceTree = "<group>"; };
		25D9EE0329589D4900872940 /* WeatherListViewModel.swift */ = {isa = PBXFileReference; lastKnownFileType = sourcecode.swift; path = WeatherListViewModel.swift; sourceTree = "<group>"; };
		25DA657029827E9600CF1233 /* Double+Extensions.swift */ = {isa = PBXFileReference; lastKnownFileType = sourcecode.swift; path = "Double+Extensions.swift"; sourceTree = "<group>"; };
		25DA65722982948300CF1233 /* SettingsTableViewController.swift */ = {isa = PBXFileReference; lastKnownFileType = sourcecode.swift; path = SettingsTableViewController.swift; sourceTree = "<group>"; };
		25DA657429829A5300CF1233 /* SettingsViewModel.swift */ = {isa = PBXFileReference; lastKnownFileType = sourcecode.swift; path = SettingsViewModel.swift; sourceTree = "<group>"; };
/* End PBXFileReference section */

/* Begin PBXFrameworksBuildPhase section */
		250D335A2945C551003075DB /* Frameworks */ = {
			isa = PBXFrameworksBuildPhase;
			buildActionMask = 2147483647;
			files = (
			);
			runOnlyForDeploymentPostprocessing = 0;
		};
/* End PBXFrameworksBuildPhase section */

/* Begin PBXGroup section */
		250D33542945C551003075DB = {
			isa = PBXGroup;
			children = (
				250D335F2945C551003075DB /* GoodWeather */,
				250D335E2945C551003075DB /* Products */,
			);
			sourceTree = "<group>";
		};
		250D335E2945C551003075DB /* Products */ = {
			isa = PBXGroup;
			children = (
				250D335D2945C551003075DB /* GoodWeather.app */,
			);
			name = Products;
			sourceTree = "<group>";
		};
		250D335F2945C551003075DB /* GoodWeather */ = {
			isa = PBXGroup;
			children = (
				25D9EE002950C58100872940 /* Extensions */,
				25D9EDFD2950C3FF00872940 /* Utils */,
				25D9EDFA2950C36700872940 /* View Models */,
				25D9EDF72950BEC900872940 /* Models */,
				25D9EDF42948C32200872940 /* Services */,
				250D337929463102003075DB /* Custom Cells */,
				250D33742945CA02003075DB /* Controller */,
				250D33602945C551003075DB /* AppDelegate.swift */,
				250D33622945C551003075DB /* SceneDelegate.swift */,
				250D33662945C551003075DB /* Main.storyboard */,
				250D33692945C552003075DB /* Assets.xcassets */,
				250D336B2945C552003075DB /* LaunchScreen.storyboard */,
				250D336E2945C552003075DB /* Info.plist */,
			);
			path = GoodWeather;
			sourceTree = "<group>";
		};
		250D33742945CA02003075DB /* Controller */ = {
			isa = PBXGroup;
			children = (
				250D33752945CA24003075DB /* WeatherListTableViewController.swift */,
				250D33772945CAE4003075DB /* AddWeatherCityViewController.swift */,
				25DA65722982948300CF1233 /* SettingsTableViewController.swift */,
			);
			path = Controller;
			sourceTree = "<group>";
		};
		250D337929463102003075DB /* Custom Cells */ = {
			isa = PBXGroup;
			children = (
				250D337A29463143003075DB /* WeatherCell.swift */,
			);
			path = "Custom Cells";
			sourceTree = "<group>";
		};
		25D9EDF42948C32200872940 /* Services */ = {
			isa = PBXGroup;
			children = (
				25D9EDF52948C34900872940 /* Webservice.swift */,
			);
			path = Services;
			sourceTree = "<group>";
		};
		25D9EDF72950BEC900872940 /* Models */ = {
			isa = PBXGroup;
			children = (
				25D9EDF82950BF0300872940 /* WeatherResponse .swift */,
			);
			path = Models;
			sourceTree = "<group>";
		};
		25D9EDFA2950C36700872940 /* View Models */ = {
			isa = PBXGroup;
			children = (
				25D9EDFB2950C38900872940 /* AddWeatherViewModel.swift */,
				25D9EE0329589D4900872940 /* WeatherListViewModel.swift */,
				25DA657429829A5300CF1233 /* SettingsViewModel.swift */,
			);
			path = "View Models";
			sourceTree = "<group>";
		};
		25D9EDFD2950C3FF00872940 /* Utils */ = {
			isa = PBXGroup;
			children = (
				25D9EDFE2950C41000872940 /* Constants.swift */,
			);
			path = Utils;
			sourceTree = "<group>";
		};
		25D9EE002950C58100872940 /* Extensions */ = {
			isa = PBXGroup;
			children = (
				25D9EE012950C59300872940 /* String+Extensions.swift */,
				25DA657029827E9600CF1233 /* Double+Extensions.swift */,
			);
			path = Extensions;
			sourceTree = "<group>";
		};
/* End PBXGroup section */

/* Begin PBXNativeTarget section */
		250D335C2945C551003075DB /* GoodWeather */ = {
			isa = PBXNativeTarget;
			buildConfigurationList = 250D33712945C552003075DB /* Build configuration list for PBXNativeTarget "GoodWeather" */;
			buildPhases = (
				250D33592945C551003075DB /* Sources */,
				250D335A2945C551003075DB /* Frameworks */,
				250D335B2945C551003075DB /* Resources */,
			);
			buildRules = (
			);
			dependencies = (
			);
			name = GoodWeather;
			productName = GoodWeather;
			productReference = 250D335D2945C551003075DB /* GoodWeather.app */;
			productType = "com.apple.product-type.application";
		};
/* End PBXNativeTarget section */

/* Begin PBXProject section */
		250D33552945C551003075DB /* Project object */ = {
			isa = PBXProject;
			attributes = {
				BuildIndependentTargetsInParallel = 1;
				LastSwiftUpdateCheck = 1340;
				LastUpgradeCheck = 1340;
				TargetAttributes = {
					250D335C2945C551003075DB = {
						CreatedOnToolsVersion = 13.4.1;
					};
				};
			};
			buildConfigurationList = 250D33582945C551003075DB /* Build configuration list for PBXProject "GoodWeather" */;
			compatibilityVersion = "Xcode 13.0";
			developmentRegion = en;
			hasScannedForEncodings = 0;
			knownRegions = (
				en,
				Base,
			);
			mainGroup = 250D33542945C551003075DB;
			productRefGroup = 250D335E2945C551003075DB /* Products */;
			projectDirPath = "";
			projectRoot = "";
			targets = (
				250D335C2945C551003075DB /* GoodWeather */,
			);
		};
/* End PBXProject section */

/* Begin PBXResourcesBuildPhase section */
		250D335B2945C551003075DB /* Resources */ = {
			isa = PBXResourcesBuildPhase;
			buildActionMask = 2147483647;
			files = (
				250D336D2945C552003075DB /* LaunchScreen.storyboard in Resources */,
				250D336A2945C552003075DB /* Assets.xcassets in Resources */,
				250D33682945C551003075DB /* Main.storyboard in Resources */,
			);
			runOnlyForDeploymentPostprocessing = 0;
		};
/* End PBXResourcesBuildPhase section */

/* Begin PBXSourcesBuildPhase section */
		250D33592945C551003075DB /* Sources */ = {
			isa = PBXSourcesBuildPhase;
			buildActionMask = 2147483647;
			files = (
				25DA657129827E9600CF1233 /* Double+Extensions.swift in Sources */,
				25DA65732982948300CF1233 /* SettingsTableViewController.swift in Sources */,
				25D9EE022950C59300872940 /* String+Extensions.swift in Sources */,
				250D33612945C551003075DB /* AppDelegate.swift in Sources */,
				25D9EDFC2950C38900872940 /* AddWeatherViewModel.swift in Sources */,
				250D33762945CA24003075DB /* WeatherListTableViewController.swift in Sources */,
				25D9EDF92950BF0400872940 /* WeatherResponse .swift in Sources */,
				25D9EDF62948C34900872940 /* Webservice.swift in Sources */,
				25D9EE0429589D4900872940 /* WeatherListViewModel.swift in Sources */,
				250D337B29463143003075DB /* WeatherCell.swift in Sources */,
				250D33782945CAE4003075DB /* AddWeatherCityViewController.swift in Sources */,
				250D33632945C551003075DB /* SceneDelegate.swift in Sources */,
				25D9EDFF2950C41000872940 /* Constants.swift in Sources */,
				25DA657529829A5300CF1233 /* SettingsViewModel.swift in Sources */,
			);
			runOnlyForDeploymentPostprocessing = 0;
		};
/* End PBXSourcesBuildPhase section */

/* Begin PBXVariantGroup section */
		250D33662945C551003075DB /* Main.storyboard */ = {
			isa = PBXVariantGroup;
			children = (
				250D33672945C551003075DB /* Base */,
			);
			name = Main.storyboard;
			sourceTree = "<group>";
		};
		250D336B2945C552003075DB /* LaunchScreen.storyboard */ = {
			isa = PBXVariantGroup;
			children = (
				250D336C2945C552003075DB /* Base */,
			);
			name = LaunchScreen.storyboard;
			sourceTree = "<group>";
		};
/* End PBXVariantGroup section */

/* Begin XCBuildConfiguration section */
		250D336F2945C552003075DB /* Debug */ = {
			isa = XCBuildConfiguration;
			buildSettings = {
				ALWAYS_SEARCH_USER_PATHS = NO;
				CLANG_ANALYZER_NONNULL = YES;
				CLANG_ANALYZER_NUMBER_OBJECT_CONVERSION = YES_AGGRESSIVE;
				CLANG_CXX_LANGUAGE_STANDARD = "gnu++17";
				CLANG_ENABLE_MODULES = YES;
				CLANG_ENABLE_OBJC_ARC = YES;
				CLANG_ENABLE_OBJC_WEAK = YES;
				CLANG_WARN_BLOCK_CAPTURE_AUTORELEASING = YES;
				CLANG_WARN_BOOL_CONVERSION = YES;
				CLANG_WARN_COMMA = YES;
				CLANG_WARN_CONSTANT_CONVERSION = YES;
				CLANG_WARN_DEPRECATED_OBJC_IMPLEMENTATIONS = YES;
				CLANG_WARN_DIRECT_OBJC_ISA_USAGE = YES_ERROR;
				CLANG_WARN_DOCUMENTATION_COMMENTS = YES;
				CLANG_WARN_EMPTY_BODY = YES;
				CLANG_WARN_ENUM_CONVERSION = YES;
				CLANG_WARN_INFINITE_RECURSION = YES;
				CLANG_WARN_INT_CONVERSION = YES;
				CLANG_WARN_NON_LITERAL_NULL_CONVERSION = YES;
				CLANG_WARN_OBJC_IMPLICIT_RETAIN_SELF = YES;
				CLANG_WARN_OBJC_LITERAL_CONVERSION = YES;
				CLANG_WARN_OBJC_ROOT_CLASS = YES_ERROR;
				CLANG_WARN_QUOTED_INCLUDE_IN_FRAMEWORK_HEADER = YES;
				CLANG_WARN_RANGE_LOOP_ANALYSIS = YES;
				CLANG_WARN_STRICT_PROTOTYPES = YES;
				CLANG_WARN_SUSPICIOUS_MOVE = YES;
				CLANG_WARN_UNGUARDED_AVAILABILITY = YES_AGGRESSIVE;
				CLANG_WARN_UNREACHABLE_CODE = YES;
				CLANG_WARN__DUPLICATE_METHOD_MATCH = YES;
				COPY_PHASE_STRIP = NO;
				DEBUG_INFORMATION_FORMAT = dwarf;
				ENABLE_STRICT_OBJC_MSGSEND = YES;
				ENABLE_TESTABILITY = YES;
				GCC_C_LANGUAGE_STANDARD = gnu11;
				GCC_DYNAMIC_NO_PIC = NO;
				GCC_NO_COMMON_BLOCKS = YES;
				GCC_OPTIMIZATION_LEVEL = 0;
				GCC_PREPROCESSOR_DEFINITIONS = (
					"DEBUG=1",
					"$(inherited)",
				);
				GCC_WARN_64_TO_32_BIT_CONVERSION = YES;
				GCC_WARN_ABOUT_RETURN_TYPE = YES_ERROR;
				GCC_WARN_UNDECLARED_SELECTOR = YES;
				GCC_WARN_UNINITIALIZED_AUTOS = YES_AGGRESSIVE;
				GCC_WARN_UNUSED_FUNCTION = YES;
				GCC_WARN_UNUSED_VARIABLE = YES;
				IPHONEOS_DEPLOYMENT_TARGET = 15.5;
				MTL_ENABLE_DEBUG_INFO = INCLUDE_SOURCE;
				MTL_FAST_MATH = YES;
				ONLY_ACTIVE_ARCH = YES;
				SDKROOT = iphoneos;
				SWIFT_ACTIVE_COMPILATION_CONDITIONS = DEBUG;
				SWIFT_OPTIMIZATION_LEVEL = "-Onone";
			};
			name = Debug;
		};
		250D33702945C552003075DB /* Release */ = {
			isa = XCBuildConfiguration;
			buildSettings = {
				ALWAYS_SEARCH_USER_PATHS = NO;
				CLANG_ANALYZER_NONNULL = YES;
				CLANG_ANALYZER_NUMBER_OBJECT_CONVERSION = YES_AGGRESSIVE;
				CLANG_CXX_LANGUAGE_STANDARD = "gnu++17";
				CLANG_ENABLE_MODULES = YES;
				CLANG_ENABLE_OBJC_ARC = YES;
				CLANG_ENABLE_OBJC_WEAK = YES;
				CLANG_WARN_BLOCK_CAPTURE_AUTORELEASING = YES;
				CLANG_WARN_BOOL_CONVERSION = YES;
				CLANG_WARN_COMMA = YES;
				CLANG_WARN_CONSTANT_CONVERSION = YES;
				CLANG_WARN_DEPRECATED_OBJC_IMPLEMENTATIONS = YES;
				CLANG_WARN_DIRECT_OBJC_ISA_USAGE = YES_ERROR;
				CLANG_WARN_DOCUMENTATION_COMMENTS = YES;
				CLANG_WARN_EMPTY_BODY = YES;
				CLANG_WARN_ENUM_CONVERSION = YES;
				CLANG_WARN_INFINITE_RECURSION = YES;
				CLANG_WARN_INT_CONVERSION = YES;
				CLANG_WARN_NON_LITERAL_NULL_CONVERSION = YES;
				CLANG_WARN_OBJC_IMPLICIT_RETAIN_SELF = YES;
				CLANG_WARN_OBJC_LITERAL_CONVERSION = YES;
				CLANG_WARN_OBJC_ROOT_CLASS = YES_ERROR;
				CLANG_WARN_QUOTED_INCLUDE_IN_FRAMEWORK_HEADER = YES;
				CLANG_WARN_RANGE_LOOP_ANALYSIS = YES;
				CLANG_WARN_STRICT_PROTOTYPES = YES;
				CLANG_WARN_SUSPICIOUS_MOVE = YES;
				CLANG_WARN_UNGUARDED_AVAILABILITY = YES_AGGRESSIVE;
				CLANG_WARN_UNREACHABLE_CODE = YES;
				CLANG_WARN__DUPLICATE_METHOD_MATCH = YES;
				COPY_PHASE_STRIP = NO;
				DEBUG_INFORMATION_FORMAT = "dwarf-with-dsym";
				ENABLE_NS_ASSERTIONS = NO;
				ENABLE_STRICT_OBJC_MSGSEND = YES;
				GCC_C_LANGUAGE_STANDARD = gnu11;
				GCC_NO_COMMON_BLOCKS = YES;
				GCC_WARN_64_TO_32_BIT_CONVERSION = YES;
				GCC_WARN_ABOUT_RETURN_TYPE = YES_ERROR;
				GCC_WARN_UNDECLARED_SELECTOR = YES;
				GCC_WARN_UNINITIALIZED_AUTOS = YES_AGGRESSIVE;
				GCC_WARN_UNUSED_FUNCTION = YES;
				GCC_WARN_UNUSED_VARIABLE = YES;
				IPHONEOS_DEPLOYMENT_TARGET = 15.5;
				MTL_ENABLE_DEBUG_INFO = NO;
				MTL_FAST_MATH = YES;
				SDKROOT = iphoneos;
				SWIFT_COMPILATION_MODE = wholemodule;
				SWIFT_OPTIMIZATION_LEVEL = "-O";
				VALIDATE_PRODUCT = YES;
			};
			name = Release;
		};
		250D33722945C552003075DB /* Debug */ = {
			isa = XCBuildConfiguration;
			buildSettings = {
				ASSETCATALOG_COMPILER_APPICON_NAME = AppIcon;
				ASSETCATALOG_COMPILER_GLOBAL_ACCENT_COLOR_NAME = AccentColor;
				CODE_SIGN_STYLE = Automatic;
				CURRENT_PROJECT_VERSION = 1;
				DEVELOPMENT_TEAM = J3XG5W7SR9;
				GENERATE_INFOPLIST_FILE = YES;
				INFOPLIST_FILE = GoodWeather/Info.plist;
				INFOPLIST_KEY_UIApplicationSupportsIndirectInputEvents = YES;
				INFOPLIST_KEY_UILaunchStoryboardName = LaunchScreen;
				INFOPLIST_KEY_UIMainStoryboardFile = Main;
				INFOPLIST_KEY_UISupportedInterfaceOrientations_iPad = "UIInterfaceOrientationPortrait UIInterfaceOrientationPortraitUpsideDown UIInterfaceOrientationLandscapeLeft UIInterfaceOrientationLandscapeRight";
				INFOPLIST_KEY_UISupportedInterfaceOrientations_iPhone = "UIInterfaceOrientationPortrait UIInterfaceOrientationLandscapeLeft UIInterfaceOrientationLandscapeRight";
				LD_RUNPATH_SEARCH_PATHS = (
					"$(inherited)",
					"@executable_path/Frameworks",
				);
				MARKETING_VERSION = 1.0;
				PRODUCT_BUNDLE_IDENTIFIER = com.YiTing.GoodWeather;
				PRODUCT_NAME = "$(TARGET_NAME)";
				SWIFT_EMIT_LOC_STRINGS = YES;
				SWIFT_VERSION = 5.0;
				TARGETED_DEVICE_FAMILY = "1,2";
			};
			name = Debug;
		};
		250D33732945C552003075DB /* Release */ = {
			isa = XCBuildConfiguration;
			buildSettings = {
				ASSETCATALOG_COMPILER_APPICON_NAME = AppIcon;
				ASSETCATALOG_COMPILER_GLOBAL_ACCENT_COLOR_NAME = AccentColor;
				CODE_SIGN_STYLE = Automatic;
				CURRENT_PROJECT_VERSION = 1;
				DEVELOPMENT_TEAM = J3XG5W7SR9;
				GENERATE_INFOPLIST_FILE = YES;
				INFOPLIST_FILE = GoodWeather/Info.plist;
				INFOPLIST_KEY_UIApplicationSupportsIndirectInputEvents = YES;
				INFOPLIST_KEY_UILaunchStoryboardName = LaunchScreen;
				INFOPLIST_KEY_UIMainStoryboardFile = Main;
				INFOPLIST_KEY_UISupportedInterfaceOrientations_iPad = "UIInterfaceOrientationPortrait UIInterfaceOrientationPortraitUpsideDown UIInterfaceOrientationLandscapeLeft UIInterfaceOrientationLandscapeRight";
				INFOPLIST_KEY_UISupportedInterfaceOrientations_iPhone = "UIInterfaceOrientationPortrait UIInterfaceOrientationLandscapeLeft UIInterfaceOrientationLandscapeRight";
				LD_RUNPATH_SEARCH_PATHS = (
					"$(inherited)",
					"@executable_path/Frameworks",
				);
				MARKETING_VERSION = 1.0;
				PRODUCT_BUNDLE_IDENTIFIER = com.YiTing.GoodWeather;
				PRODUCT_NAME = "$(TARGET_NAME)";
				SWIFT_EMIT_LOC_STRINGS = YES;
				SWIFT_VERSION = 5.0;
				TARGETED_DEVICE_FAMILY = "1,2";
			};
			name = Release;
		};
/* End XCBuildConfiguration section */

/* Begin XCConfigurationList section */
		250D33582945C551003075DB /* Build configuration list for PBXProject "GoodWeather" */ = {
			isa = XCConfigurationList;
			buildConfigurations = (
				250D336F2945C552003075DB /* Debug */,
				250D33702945C552003075DB /* Release */,
			);
			defaultConfigurationIsVisible = 0;
			defaultConfigurationName = Release;
		};
		250D33712945C552003075DB /* Build configuration list for PBXNativeTarget "GoodWeather" */ = {
			isa = XCConfigurationList;
			buildConfigurations = (
				250D33722945C552003075DB /* Debug */,
				250D33732945C552003075DB /* Release */,
			);
			defaultConfigurationIsVisible = 0;
			defaultConfigurationName = Release;
		};
/* End XCConfigurationList section */
	};
	rootObject = 250D33552945C551003075DB /* Project object */;
}
